
Microsoft Visual Studio Solution File, Format Version 12.00
# Visual Studio 15
VisualStudioVersion = 15.0.28307.271
MinimumVisualStudioVersion = 10.0.40219.1
Project("{9092AA53-FB77-4645-B42D-1CCCA6BD08BD}") = "DescriptionaryBackend", "DescriptionaryBackend\DescriptionaryBackend.njsproj", "{AC014BE0-BD53-4712-9029-683E82DCA861}"
EndProject
Global
	GlobalSection(SolutionConfigurationPlatforms) = preSolution
		Debug|Any CPU = Debug|Any CPU
		Release|Any CPU = Release|Any CPU
	EndGlobalSection
	GlobalSection(ProjectConfigurationPlatforms) = postSolution
		{AC014BE0-BD53-4712-9029-683E82DCA861}.Debug|Any CPU.ActiveCfg = Debug|Any CPU
		{AC014BE0-BD53-4712-9029-683E82DCA861}.Debug|Any CPU.Build.0 = Debug|Any CPU
		{AC014BE0-BD53-4712-9029-683E82DCA861}.Release|Any CPU.ActiveCfg = Release|Any CPU
		{AC014BE0-BD53-4712-9029-683E82DCA861}.Release|Any CPU.Build.0 = Release|Any CPU
	EndGlobalSection
	GlobalSection(SolutionProperties) = preSolution
		HideSolutionNode = FALSE
	EndGlobalSection
	GlobalSection(ExtensibilityGlobals) = postSolution
		SolutionGuid = {D6041D93-E0C3-4BF3-A016-37601D8AA974}
	EndGlobalSection
EndGlobal
